// !$*UTF8*$!
{
	archiveVersion = 1;
	classes = {
	};
	objectVersion = 50;
	objects = {

/* Begin PBXBuildFile section */
		D43798052671342F0073FDD2 /* AppDelegate.swift in Sources */ = {isa = PBXBuildFile; fileRef = D43798042671342F0073FDD2 /* AppDelegate.swift */; };
		D43798072671342F0073FDD2 /* SceneDelegate.swift in Sources */ = {isa = PBXBuildFile; fileRef = D43798062671342F0073FDD2 /* SceneDelegate.swift */; };
		D43798092671342F0073FDD2 /* ViewController.swift in Sources */ = {isa = PBXBuildFile; fileRef = D43798082671342F0073FDD2 /* ViewController.swift */; };
		D437980C2671342F0073FDD2 /* Main.storyboard in Resources */ = {isa = PBXBuildFile; fileRef = D437980A2671342F0073FDD2 /* Main.storyboard */; };
		D437980E267134300073FDD2 /* Assets.xcassets in Resources */ = {isa = PBXBuildFile; fileRef = D437980D267134300073FDD2 /* Assets.xcassets */; };
		D4379811267134300073FDD2 /* LaunchScreen.storyboard in Resources */ = {isa = PBXBuildFile; fileRef = D437980F267134300073FDD2 /* LaunchScreen.storyboard */; };
		D4EFE357267325B6004FABB5 /* Icon-72.png in Resources */ = {isa = PBXBuildFile; fileRef = D4EFE354267325B6004FABB5 /* Icon-72.png */; };
		D4EFE358267325B6004FABB5 /* Icon.png in Resources */ = {isa = PBXBuildFile; fileRef = D4EFE355267325B6004FABB5 /* Icon.png */; };
		D4EFE359267325B6004FABB5 /* Icon@2x.png in Resources */ = {isa = PBXBuildFile; fileRef = D4EFE356267325B6004FABB5 /* Icon@2x.png */; };
/* End PBXBuildFile section */

/* Begin PBXFileReference section */
		D43798012671342F0073FDD2 /* Score Keeper.app */ = {isa = PBXFileReference; explicitFileType = wrapper.application; includeInIndex = 0; path = "Score Keeper.app"; sourceTree = BUILT_PRODUCTS_DIR; };
		D43798042671342F0073FDD2 /* AppDelegate.swift */ = {isa = PBXFileReference; lastKnownFileType = sourcecode.swift; path = AppDelegate.swift; sourceTree = "<group>"; };
		D43798062671342F0073FDD2 /* SceneDelegate.swift */ = {isa = PBXFileReference; lastKnownFileType = sourcecode.swift; path = SceneDelegate.swift; sourceTree = "<group>"; };
		D43798082671342F0073FDD2 /* ViewController.swift */ = {isa = PBXFileReference; lastKnownFileType = sourcecode.swift; path = ViewController.swift; sourceTree = "<group>"; };
		D437980B2671342F0073FDD2 /* Base */ = {isa = PBXFileReference; lastKnownFileType = file.storyboard; name = Base; path = Base.lproj/Main.storyboard; sourceTree = "<group>"; };
		D437980D267134300073FDD2 /* Assets.xcassets */ = {isa = PBXFileReference; lastKnownFileType = folder.assetcatalog; path = Assets.xcassets; sourceTree = "<group>"; };
		D4379810267134300073FDD2 /* Base */ = {isa = PBXFileReference; lastKnownFileType = file.storyboard; name = Base; path = Base.lproj/LaunchScreen.storyboard; sourceTree = "<group>"; };
		D4379812267134300073FDD2 /* Info.plist */ = {isa = PBXFileReference; lastKnownFileType = text.plist.xml; path = Info.plist; sourceTree = "<group>"; };
		D4EFE354267325B6004FABB5 /* Icon-72.png */ = {isa = PBXFileReference; lastKnownFileType = image.png; path = "Icon-72.png"; sourceTree = "<group>"; };
		D4EFE355267325B6004FABB5 /* Icon.png */ = {isa = PBXFileReference; lastKnownFileType = image.png; path = Icon.png; sourceTree = "<group>"; };
		D4EFE356267325B6004FABB5 /* Icon@2x.png */ = {isa = PBXFileReference; lastKnownFileType = image.png; path = "Icon@2x.png"; sourceTree = "<group>"; };
/* End PBXFileReference section */

/* Begin PBXFrameworksBuildPhase section */
		D43797FE2671342F0073FDD2 /* Frameworks */ = {
			isa = PBXFrameworksBuildPhase;
			buildActionMask = 2147483647;
			files = (
			);
			runOnlyForDeploymentPostprocessing = 0;
		};
/* End PBXFrameworksBuildPhase section */

/* Begin PBXGroup section */
		D43797F82671342F0073FDD2 = {
			isa = PBXGroup;
			children = (
				D43798032671342F0073FDD2 /* Score Keeper */,
				D43798022671342F0073FDD2 /* Products */,
			);
			sourceTree = "<group>";
		};
		D43798022671342F0073FDD2 /* Products */ = {
			isa = PBXGroup;
			children = (
				D43798012671342F0073FDD2 /* Score Keeper.app */,
			);
			name = Products;
			sourceTree = "<group>";
		};
		D43798032671342F0073FDD2 /* Score Keeper */ = {
			isa = PBXGroup;
			children = (
				D4EFE354267325B6004FABB5 /* Icon-72.png */,
				D4EFE355267325B6004FABB5 /* Icon.png */,
				D4EFE356267325B6004FABB5 /* Icon@2x.png */,
				D43798042671342F0073FDD2 /* AppDelegate.swift */,
				D43798062671342F0073FDD2 /* SceneDelegate.swift */,
				D43798082671342F0073FDD2 /* ViewController.swift */,
				D437980A2671342F0073FDD2 /* Main.storyboard */,
				D437980D267134300073FDD2 /* Assets.xcassets */,
				D437980F267134300073FDD2 /* LaunchScreen.storyboard */,
				D4379812267134300073FDD2 /* Info.plist */,
			);
			path = "Score Keeper";
			sourceTree = "<group>";
		};
/* End PBXGroup section */

/* Begin PBXNativeTarget section */
		D43798002671342F0073FDD2 /* Score Keeper */ = {
			isa = PBXNativeTarget;
			buildConfigurationList = D4379815267134300073FDD2 /* Build configuration list for PBXNativeTarget "Score Keeper" */;
			buildPhases = (
				D43797FD2671342F0073FDD2 /* Sources */,
				D43797FE2671342F0073FDD2 /* Frameworks */,
				D43797FF2671342F0073FDD2 /* Resources */,
			);
			buildRules = (
			);
			dependencies = (
			);
			name = "Score Keeper";
			productName = "Score Keeper";
			productReference = D43798012671342F0073FDD2 /* Score Keeper.app */;
			productType = "com.apple.product-type.application";
		};
/* End PBXNativeTarget section */

/* Begin PBXProject section */
		D43797F92671342F0073FDD2 /* Project object */ = {
			isa = PBXProject;
			attributes = {
				LastSwiftUpdateCheck = 1250;
				LastUpgradeCheck = 1250;
				TargetAttributes = {
					D43798002671342F0073FDD2 = {
						CreatedOnToolsVersion = 12.5;
					};
				};
			};
			buildConfigurationList = D43797FC2671342F0073FDD2 /* Build configuration list for PBXProject "Score Keeper" */;
			compatibilityVersion = "Xcode 9.3";
			developmentRegion = en;
			hasScannedForEncodings = 0;
			knownRegions = (
				en,
				Base,
			);
			mainGroup = D43797F82671342F0073FDD2;
			productRefGroup = D43798022671342F0073FDD2 /* Products */;
			projectDirPath = "";
			projectRoot = "";
			targets = (
				D43798002671342F0073FDD2 /* Score Keeper */,
			);
		};
/* End PBXProject section */

/* Begin PBXResourcesBuildPhase section */
		D43797FF2671342F0073FDD2 /* Resources */ = {
			isa = PBXResourcesBuildPhase;
			buildActionMask = 2147483647;
			files = (
				D4379811267134300073FDD2 /* LaunchScreen.storyboard in Resources */,
				D4EFE359267325B6004FABB5 /* Icon@2x.png in Resources */,
				D4EFE357267325B6004FABB5 /* Icon-72.png in Resources */,
				D4EFE358267325B6004FABB5 /* Icon.png in Resources */,
				D437980E267134300073FDD2 /* Assets.xcassets in Resources */,
				D437980C2671342F0073FDD2 /* Main.storyboard in Resources */,
			);
			runOnlyForDeploymentPostprocessing = 0;
		};
/* End PBXResourcesBuildPhase section */

/* Begin PBXSourcesBuildPhase section */
		D43797FD2671342F0073FDD2 /* Sources */ = {
			isa = PBXSourcesBuildPhase;
			buildActionMask = 2147483647;
			files = (
				D43798092671342F0073FDD2 /* ViewController.swift in Sources */,
				D43798052671342F0073FDD2 /* AppDelegate.swift in Sources */,
				D43798072671342F0073FDD2 /* SceneDelegate.swift in Sources */,
			);
			runOnlyForDeploymentPostprocessing = 0;
		};
/* End PBXSourcesBuildPhase section */

/* Begin PBXVariantGroup section */
		D437980A2671342F0073FDD2 /* Main.storyboard */ = {
			isa = PBXVariantGroup;
			children = (
				D437980B2671342F0073FDD2 /* Base */,
			);
			name = Main.storyboard;
			sourceTree = "<group>";
		};
		D437980F267134300073FDD2 /* LaunchScreen.storyboard */ = {
			isa = PBXVariantGroup;
			children = (
				D4379810267134300073FDD2 /* Base */,
			);
			name = LaunchScreen.storyboard;
			sourceTree = "<group>";
		};
/* End PBXVariantGroup section */

/* Begin XCBuildConfiguration section */
		D4379813267134300073FDD2 /* Debug */ = {
			isa = XCBuildConfiguration;
			buildSettings = {
				ALWAYS_SEARCH_USER_PATHS = NO;
				CLANG_ANALYZER_NONNULL = YES;
				CLANG_ANALYZER_NUMBER_OBJECT_CONVERSION = YES_AGGRESSIVE;
				CLANG_CXX_LANGUAGE_STANDARD = "gnu++14";
				CLANG_CXX_LIBRARY = "libc++";
				CLANG_ENABLE_MODULES = YES;
				CLANG_ENABLE_OBJC_ARC = YES;
				CLANG_ENABLE_OBJC_WEAK = YES;
				CLANG_WARN_BLOCK_CAPTURE_AUTORELEASING = YES;
				CLANG_WARN_BOOL_CONVERSION = YES;
				CLANG_WARN_COMMA = YES;
				CLANG_WARN_CONSTANT_CONVERSION = YES;
				CLANG_WARN_DEPRECATED_OBJC_IMPLEMENTATIONS = YES;
				CLANG_WARN_DIRECT_OBJC_ISA_USAGE = YES_ERROR;
				CLANG_WARN_DOCUMENTATION_COMMENTS = YES;
				CLANG_WARN_EMPTY_BODY = YES;
				CLANG_WARN_ENUM_CONVERSION = YES;
				CLANG_WARN_INFINITE_RECURSION = YES;
				CLANG_WARN_INT_CONVERSION = YES;
				CLANG_WARN_NON_LITERAL_NULL_CONVERSION = YES;
				CLANG_WARN_OBJC_IMPLICIT_RETAIN_SELF = YES;
				CLANG_WARN_OBJC_LITERAL_CONVERSION = YES;
				CLANG_WARN_OBJC_ROOT_CLASS = YES_ERROR;
				CLANG_WARN_QUOTED_INCLUDE_IN_FRAMEWORK_HEADER = YES;
				CLANG_WARN_RANGE_LOOP_ANALYSIS = YES;
				CLANG_WARN_STRICT_PROTOTYPES = YES;
				CLANG_WARN_SUSPICIOUS_MOVE = YES;
				CLANG_WARN_UNGUARDED_AVAILABILITY = YES_AGGRESSIVE;
				CLANG_WARN_UNREACHABLE_CODE = YES;
				CLANG_WARN__DUPLICATE_METHOD_MATCH = YES;
				COPY_PHASE_STRIP = NO;
				DEBUG_INFORMATION_FORMAT = dwarf;
				ENABLE_STRICT_OBJC_MSGSEND = YES;
				ENABLE_TESTABILITY = YES;
				GCC_C_LANGUAGE_STANDARD = gnu11;
				GCC_DYNAMIC_NO_PIC = NO;
				GCC_NO_COMMON_BLOCKS = YES;
				GCC_OPTIMIZATION_LEVEL = 0;
				GCC_PREPROCESSOR_DEFINITIONS = (
					"DEBUG=1",
					"$(inherited)",
				);
				GCC_WARN_64_TO_32_BIT_CONVERSION = YES;
				GCC_WARN_ABOUT_RETURN_TYPE = YES_ERROR;
				GCC_WARN_UNDECLARED_SELECTOR = YES;
				GCC_WARN_UNINITIALIZED_AUTOS = YES_AGGRESSIVE;
				GCC_WARN_UNUSED_FUNCTION = YES;
				GCC_WARN_UNUSED_VARIABLE = YES;
				IPHONEOS_DEPLOYMENT_TARGET = 14.5;
				MTL_ENABLE_DEBUG_INFO = INCLUDE_SOURCE;
				MTL_FAST_MATH = YES;
				ONLY_ACTIVE_ARCH = YES;
				SDKROOT = iphoneos;
				SWIFT_ACTIVE_COMPILATION_CONDITIONS = DEBUG;
				SWIFT_OPTIMIZATION_LEVEL = "-Onone";
			};
			name = Debug;
		};
		D4379814267134300073FDD2 /* Release */ = {
			isa = XCBuildConfiguration;
			buildSettings = {
				ALWAYS_SEARCH_USER_PATHS = NO;
				CLANG_ANALYZER_NONNULL = YES;
				CLANG_ANALYZER_NUMBER_OBJECT_CONVERSION = YES_AGGRESSIVE;
				CLANG_CXX_LANGUAGE_STANDARD = "gnu++14";
				CLANG_CXX_LIBRARY = "libc++";
				CLANG_ENABLE_MODULES = YES;
				CLANG_ENABLE_OBJC_ARC = YES;
				CLANG_ENABLE_OBJC_WEAK = YES;
				CLANG_WARN_BLOCK_CAPTURE_AUTORELEASING = YES;
				CLANG_WARN_BOOL_CONVERSION = YES;
				CLANG_WARN_COMMA = YES;
				CLANG_WARN_CONSTANT_CONVERSION = YES;
				CLANG_WARN_DEPRECATED_OBJC_IMPLEMENTATIONS = YES;
				CLANG_WARN_DIRECT_OBJC_ISA_USAGE = YES_ERROR;
				CLANG_WARN_DOCUMENTATION_COMMENTS = YES;
				CLANG_WARN_EMPTY_BODY = YES;
				CLANG_WARN_ENUM_CONVERSION = YES;
				CLANG_WARN_INFINITE_RECURSION = YES;
				CLANG_WARN_INT_CONVERSION = YES;
				CLANG_WARN_NON_LITERAL_NULL_CONVERSION = YES;
				CLANG_WARN_OBJC_IMPLICIT_RETAIN_SELF = YES;
				CLANG_WARN_OBJC_LITERAL_CONVERSION = YES;
				CLANG_WARN_OBJC_ROOT_CLASS = YES_ERROR;
				CLANG_WARN_QUOTED_INCLUDE_IN_FRAMEWORK_HEADER = YES;
				CLANG_WARN_RANGE_LOOP_ANALYSIS = YES;
				CLANG_WARN_STRICT_PROTOTYPES = YES;
				CLANG_WARN_SUSPICIOUS_MOVE = YES;
				CLANG_WARN_UNGUARDED_AVAILABILITY = YES_AGGRESSIVE;
				CLANG_WARN_UNREACHABLE_CODE = YES;
				CLANG_WARN__DUPLICATE_METHOD_MATCH = YES;
				COPY_PHASE_STRIP = NO;
				DEBUG_INFORMATION_FORMAT = "dwarf-with-dsym";
				ENABLE_NS_ASSERTIONS = NO;
				ENABLE_STRICT_OBJC_MSGSEND = YES;
				GCC_C_LANGUAGE_STANDARD = gnu11;
				GCC_NO_COMMON_BLOCKS = YES;
				GCC_WARN_64_TO_32_BIT_CONVERSION = YES;
				GCC_WARN_ABOUT_RETURN_TYPE = YES_ERROR;
				GCC_WARN_UNDECLARED_SELECTOR = YES;
				GCC_WARN_UNINITIALIZED_AUTOS = YES_AGGRESSIVE;
				GCC_WARN_UNUSED_FUNCTION = YES;
				GCC_WARN_UNUSED_VARIABLE = YES;
				IPHONEOS_DEPLOYMENT_TARGET = 14.5;
				MTL_ENABLE_DEBUG_INFO = NO;
				MTL_FAST_MATH = YES;
				SDKROOT = iphoneos;
				SWIFT_COMPILATION_MODE = wholemodule;
				SWIFT_OPTIMIZATION_LEVEL = "-O";
				VALIDATE_PRODUCT = YES;
			};
			name = Release;
		};
		D4379816267134300073FDD2 /* Debug */ = {
			isa = XCBuildConfiguration;
			buildSettings = {
				ASSETCATALOG_COMPILER_APPICON_NAME = AppIcon;
				ASSETCATALOG_COMPILER_GLOBAL_ACCENT_COLOR_NAME = AccentColor;
				CODE_SIGN_STYLE = Automatic;
				DEVELOPMENT_TEAM = 3T3SQM5JBN;
				INFOPLIST_FILE = "Score Keeper/Info.plist";
				LD_RUNPATH_SEARCH_PATHS = (
					"$(inherited)",
					"@executable_path/Frameworks",
				);
				PRODUCT_BUNDLE_IDENTIFIER = "edu.rose-hulman.yinz1.Score-Keeper";
				PRODUCT_NAME = "$(TARGET_NAME)";
				SWIFT_VERSION = 5.0;
				TARGETED_DEVICE_FAMILY = "1,2";
			};
			name = Debug;
		};
		D4379817267134300073FDD2 /* Release */ = {
			isa = XCBuildConfiguration;
			buildSettings = {
				ASSETCATALOG_COMPILER_APPICON_NAME = AppIcon;
				ASSETCATALOG_COMPILER_GLOBAL_ACCENT_COLOR_NAME = AccentColor;
				CODE_SIGN_STYLE = Automatic;
				DEVELOPMENT_TEAM = 3T3SQM5JBN;
				INFOPLIST_FILE = "Score Keeper/Info.plist";
				LD_RUNPATH_SEARCH_PATHS = (
					"$(inherited)",
					"@executable_path/Frameworks",
				);
				PRODUCT_BUNDLE_IDENTIFIER = "edu.rose-hulman.yinz1.Score-Keeper";
				PRODUCT_NAME = "$(TARGET_NAME)";
				SWIFT_VERSION = 5.0;
				TARGETED_DEVICE_FAMILY = "1,2";
			};
			name = Release;
		};
/* End XCBuildConfiguration section */

/* Begin XCConfigurationList section */
		D43797FC2671342F0073FDD2 /* Build configuration list for PBXProject "Score Keeper" */ = {
			isa = XCConfigurationList;
			buildConfigurations = (
				D4379813267134300073FDD2 /* Debug */,
				D4379814267134300073FDD2 /* Release */,
			);
			defaultConfigurationIsVisible = 0;
			defaultConfigurationName = Release;
		};
		D4379815267134300073FDD2 /* Build configuration list for PBXNativeTarget "Score Keeper" */ = {
			isa = XCConfigurationList;
			buildConfigurations = (
				D4379816267134300073FDD2 /* Debug */,
				D4379817267134300073FDD2 /* Release */,
			);
			defaultConfigurationIsVisible = 0;
			defaultConfigurationName = Release;
		};
/* End XCConfigurationList section */
	};
	rootObject = D43797F92671342F0073FDD2 /* Project object */;
}
